// !$*UTF8*$!
{
	archiveVersion = 1;
	classes = {
	};
	objectVersion = 51;
	objects = {

/* Begin PBXBuildFile section */
		0DD2CEDD53069DC3E408DF66 /* Pods_IBMAssignment_IBMAssignmentUITests.framework in Frameworks */ = {isa = PBXBuildFile; fileRef = 8C019A3B8EB7199AF4B0AFC0 /* Pods_IBMAssignment_IBMAssignmentUITests.framework */; };
		875EB6EF2695E379009B9CBC /* VehicleAnnotation.swift in Sources */ = {isa = PBXBuildFile; fileRef = 875EB6EE2695E379009B9CBC /* VehicleAnnotation.swift */; };
		878B6A6B269578BA00ABD172 /* IBMAssignmentTests.swift in Sources */ = {isa = PBXBuildFile; fileRef = 878B6A6A269578BA00ABD172 /* IBMAssignmentTests.swift */; };
		878B6A76269578BA00ABD172 /* IBMAssignmentUITests.swift in Sources */ = {isa = PBXBuildFile; fileRef = 878B6A75269578BA00ABD172 /* IBMAssignmentUITests.swift */; };
		878B6AA226957B6900ABD172 /* AppDelegate.swift in Sources */ = {isa = PBXBuildFile; fileRef = 878B6A9B26957B6900ABD172 /* AppDelegate.swift */; };
		878B6AA426957B6900ABD172 /* SceneDelegate.swift in Sources */ = {isa = PBXBuildFile; fileRef = 878B6A9D26957B6900ABD172 /* SceneDelegate.swift */; };
		878B6AA526957B6900ABD172 /* LaunchScreen.storyboard in Resources */ = {isa = PBXBuildFile; fileRef = 878B6A9F26957B6900ABD172 /* LaunchScreen.storyboard */; };
		878B6AA626957B6900ABD172 /* Assets.xcassets in Resources */ = {isa = PBXBuildFile; fileRef = 878B6AA026957B6900ABD172 /* Assets.xcassets */; };
		878B6AA726957B6900ABD172 /* Main.storyboard in Resources */ = {isa = PBXBuildFile; fileRef = 878B6AA126957B6900ABD172 /* Main.storyboard */; };
		878B6AB126957BCF00ABD172 /* VehicleViewController.swift in Sources */ = {isa = PBXBuildFile; fileRef = 878B6AB026957BCF00ABD172 /* VehicleViewController.swift */; };
		878B6ACF26957FAA00ABD172 /* VehicleViewModel.swift in Sources */ = {isa = PBXBuildFile; fileRef = 878B6ACE26957FAA00ABD172 /* VehicleViewModel.swift */; };
		878B6AD52695800100ABD172 /* VehicleTableViewCell.swift in Sources */ = {isa = PBXBuildFile; fileRef = 878B6AD32695800100ABD172 /* VehicleTableViewCell.swift */; };
		878B6AD62695800100ABD172 /* VehicleTableViewCell.xib in Resources */ = {isa = PBXBuildFile; fileRef = 878B6AD42695800100ABD172 /* VehicleTableViewCell.xib */; };
		878B6AE72695861600ABD172 /* ServiceManager.swift in Sources */ = {isa = PBXBuildFile; fileRef = 878B6AE62695861600ABD172 /* ServiceManager.swift */; };
		878B6AEC269586B000ABD172 /* RequestModel.swift in Sources */ = {isa = PBXBuildFile; fileRef = 878B6AEB269586B000ABD172 /* RequestModel.swift */; };
		878B6AF42695880E00ABD172 /* String+Extension.swift in Sources */ = {isa = PBXBuildFile; fileRef = 878B6AF32695880E00ABD172 /* String+Extension.swift */; };
		878B6AF92695889500ABD172 /* ErrorKey.swift in Sources */ = {isa = PBXBuildFile; fileRef = 878B6AF82695889500ABD172 /* ErrorKey.swift */; };
		878B6B062695891D00ABD172 /* Localizable.strings in Resources */ = {isa = PBXBuildFile; fileRef = 878B6B052695891D00ABD172 /* Localizable.strings */; };
		878B6B0B2695894400ABD172 /* ErrorModel.swift in Sources */ = {isa = PBXBuildFile; fileRef = 878B6B0A2695894400ABD172 /* ErrorModel.swift */; };
		878B6B1026958C0500ABD172 /* VehicleModel.swift in Sources */ = {isa = PBXBuildFile; fileRef = 878B6B0F26958C0500ABD172 /* VehicleModel.swift */; };
		878B6B152695927A00ABD172 /* Services.swift in Sources */ = {isa = PBXBuildFile; fileRef = 878B6B142695927A00ABD172 /* Services.swift */; };
		878B6B392695B48A00ABD172 /* VehicleTableViewCellModel.swift in Sources */ = {isa = PBXBuildFile; fileRef = 878B6B382695B48A00ABD172 /* VehicleTableViewCellModel.swift */; };
		878B6B3E2695BBB300ABD172 /* Constant.swift in Sources */ = {isa = PBXBuildFile; fileRef = 878B6B3D2695BBB300ABD172 /* Constant.swift */; };
		BF9AEFCBE301C4BF8F52C88F /* Pods_IBMAssignmentTests.framework in Frameworks */ = {isa = PBXBuildFile; fileRef = 57F133A655AF7C534838CD9B /* Pods_IBMAssignmentTests.framework */; };
		FC0A925283ACF1B661BF5FF1 /* Pods_IBMAssignment.framework in Frameworks */ = {isa = PBXBuildFile; fileRef = 94095943753A0BA5AE7279C8 /* Pods_IBMAssignment.framework */; };
/* End PBXBuildFile section */

/* Begin PBXContainerItemProxy section */
		878B6A67269578BA00ABD172 /* PBXContainerItemProxy */ = {
			isa = PBXContainerItemProxy;
			containerPortal = 878B6A48269578AE00ABD172 /* Project object */;
			proxyType = 1;
			remoteGlobalIDString = 878B6A4F269578AE00ABD172;
			remoteInfo = IBMAssignment;
		};
		878B6A72269578BA00ABD172 /* PBXContainerItemProxy */ = {
			isa = PBXContainerItemProxy;
			containerPortal = 878B6A48269578AE00ABD172 /* Project object */;
			proxyType = 1;
			remoteGlobalIDString = 878B6A4F269578AE00ABD172;
			remoteInfo = IBMAssignment;
		};
/* End PBXContainerItemProxy section */

/* Begin PBXFileReference section */
		00A5962DAC1048DD03B620F3 /* Pods-IBMAssignmentTests.debug.xcconfig */ = {isa = PBXFileReference; includeInIndex = 1; lastKnownFileType = text.xcconfig; name = "Pods-IBMAssignmentTests.debug.xcconfig"; path = "Target Support Files/Pods-IBMAssignmentTests/Pods-IBMAssignmentTests.debug.xcconfig"; sourceTree = "<group>"; };
		349B4E925C7BCCB681556923 /* Pods-IBMAssignmentTests.release.xcconfig */ = {isa = PBXFileReference; includeInIndex = 1; lastKnownFileType = text.xcconfig; name = "Pods-IBMAssignmentTests.release.xcconfig"; path = "Target Support Files/Pods-IBMAssignmentTests/Pods-IBMAssignmentTests.release.xcconfig"; sourceTree = "<group>"; };
		57F133A655AF7C534838CD9B /* Pods_IBMAssignmentTests.framework */ = {isa = PBXFileReference; explicitFileType = wrapper.framework; includeInIndex = 0; path = Pods_IBMAssignmentTests.framework; sourceTree = BUILT_PRODUCTS_DIR; };
		875EB6EE2695E379009B9CBC /* VehicleAnnotation.swift */ = {isa = PBXFileReference; lastKnownFileType = sourcecode.swift; path = VehicleAnnotation.swift; sourceTree = "<group>"; };
		878B6A50269578AE00ABD172 /* IBMAssignment.app */ = {isa = PBXFileReference; explicitFileType = wrapper.application; includeInIndex = 0; path = IBMAssignment.app; sourceTree = BUILT_PRODUCTS_DIR; };
		878B6A66269578BA00ABD172 /* IBMAssignmentTests.xctest */ = {isa = PBXFileReference; explicitFileType = wrapper.cfbundle; includeInIndex = 0; path = IBMAssignmentTests.xctest; sourceTree = BUILT_PRODUCTS_DIR; };
		878B6A6A269578BA00ABD172 /* IBMAssignmentTests.swift */ = {isa = PBXFileReference; lastKnownFileType = sourcecode.swift; path = IBMAssignmentTests.swift; sourceTree = "<group>"; };
		878B6A6C269578BA00ABD172 /* Info.plist */ = {isa = PBXFileReference; lastKnownFileType = text.plist.xml; path = Info.plist; sourceTree = "<group>"; };
		878B6A71269578BA00ABD172 /* IBMAssignmentUITests.xctest */ = {isa = PBXFileReference; explicitFileType = wrapper.cfbundle; includeInIndex = 0; path = IBMAssignmentUITests.xctest; sourceTree = BUILT_PRODUCTS_DIR; };
		878B6A75269578BA00ABD172 /* IBMAssignmentUITests.swift */ = {isa = PBXFileReference; lastKnownFileType = sourcecode.swift; path = IBMAssignmentUITests.swift; sourceTree = "<group>"; };
		878B6A77269578BA00ABD172 /* Info.plist */ = {isa = PBXFileReference; lastKnownFileType = text.plist.xml; path = Info.plist; sourceTree = "<group>"; };
		878B6A9B26957B6900ABD172 /* AppDelegate.swift */ = {isa = PBXFileReference; fileEncoding = 4; lastKnownFileType = sourcecode.swift; path = AppDelegate.swift; sourceTree = "<group>"; };
		878B6A9C26957B6900ABD172 /* Info.plist */ = {isa = PBXFileReference; fileEncoding = 4; lastKnownFileType = text.plist.xml; path = Info.plist; sourceTree = "<group>"; };
		878B6A9D26957B6900ABD172 /* SceneDelegate.swift */ = {isa = PBXFileReference; fileEncoding = 4; lastKnownFileType = sourcecode.swift; path = SceneDelegate.swift; sourceTree = "<group>"; };
		878B6A9F26957B6900ABD172 /* LaunchScreen.storyboard */ = {isa = PBXFileReference; fileEncoding = 4; lastKnownFileType = file.storyboard; path = LaunchScreen.storyboard; sourceTree = "<group>"; };
		878B6AA026957B6900ABD172 /* Assets.xcassets */ = {isa = PBXFileReference; lastKnownFileType = folder.assetcatalog; path = Assets.xcassets; sourceTree = "<group>"; };
		878B6AA126957B6900ABD172 /* Main.storyboard */ = {isa = PBXFileReference; fileEncoding = 4; lastKnownFileType = file.storyboard; path = Main.storyboard; sourceTree = "<group>"; };
		878B6AB026957BCF00ABD172 /* VehicleViewController.swift */ = {isa = PBXFileReference; lastKnownFileType = sourcecode.swift; path = VehicleViewController.swift; sourceTree = "<group>"; };
		878B6ACE26957FAA00ABD172 /* VehicleViewModel.swift */ = {isa = PBXFileReference; lastKnownFileType = sourcecode.swift; path = VehicleViewModel.swift; sourceTree = "<group>"; };
		878B6AD32695800100ABD172 /* VehicleTableViewCell.swift */ = {isa = PBXFileReference; lastKnownFileType = sourcecode.swift; path = VehicleTableViewCell.swift; sourceTree = "<group>"; };
		878B6AD42695800100ABD172 /* VehicleTableViewCell.xib */ = {isa = PBXFileReference; lastKnownFileType = file.xib; path = VehicleTableViewCell.xib; sourceTree = "<group>"; };
		878B6AE62695861600ABD172 /* ServiceManager.swift */ = {isa = PBXFileReference; lastKnownFileType = sourcecode.swift; path = ServiceManager.swift; sourceTree = "<group>"; };
		878B6AEB269586B000ABD172 /* RequestModel.swift */ = {isa = PBXFileReference; lastKnownFileType = sourcecode.swift; path = RequestModel.swift; sourceTree = "<group>"; };
		878B6AF32695880E00ABD172 /* String+Extension.swift */ = {isa = PBXFileReference; lastKnownFileType = sourcecode.swift; path = "String+Extension.swift"; sourceTree = "<group>"; };
		878B6AF82695889500ABD172 /* ErrorKey.swift */ = {isa = PBXFileReference; lastKnownFileType = sourcecode.swift; path = ErrorKey.swift; sourceTree = "<group>"; };
		878B6B052695891D00ABD172 /* Localizable.strings */ = {isa = PBXFileReference; fileEncoding = 4; lastKnownFileType = text.plist.strings; path = Localizable.strings; sourceTree = "<group>"; };
		878B6B0A2695894400ABD172 /* ErrorModel.swift */ = {isa = PBXFileReference; lastKnownFileType = sourcecode.swift; path = ErrorModel.swift; sourceTree = "<group>"; };
		878B6B0F26958C0500ABD172 /* VehicleModel.swift */ = {isa = PBXFileReference; lastKnownFileType = sourcecode.swift; path = VehicleModel.swift; sourceTree = "<group>"; };
		878B6B142695927A00ABD172 /* Services.swift */ = {isa = PBXFileReference; lastKnownFileType = sourcecode.swift; path = Services.swift; sourceTree = "<group>"; };
		878B6B382695B48A00ABD172 /* VehicleTableViewCellModel.swift */ = {isa = PBXFileReference; lastKnownFileType = sourcecode.swift; path = VehicleTableViewCellModel.swift; sourceTree = "<group>"; };
		878B6B3D2695BBB300ABD172 /* Constant.swift */ = {isa = PBXFileReference; lastKnownFileType = sourcecode.swift; path = Constant.swift; sourceTree = "<group>"; };
		8C019A3B8EB7199AF4B0AFC0 /* Pods_IBMAssignment_IBMAssignmentUITests.framework */ = {isa = PBXFileReference; explicitFileType = wrapper.framework; includeInIndex = 0; path = Pods_IBMAssignment_IBMAssignmentUITests.framework; sourceTree = BUILT_PRODUCTS_DIR; };
		94095943753A0BA5AE7279C8 /* Pods_IBMAssignment.framework */ = {isa = PBXFileReference; explicitFileType = wrapper.framework; includeInIndex = 0; path = Pods_IBMAssignment.framework; sourceTree = BUILT_PRODUCTS_DIR; };
		99604099DE7E8E0A50B71482 /* Pods-IBMAssignment.debug.xcconfig */ = {isa = PBXFileReference; includeInIndex = 1; lastKnownFileType = text.xcconfig; name = "Pods-IBMAssignment.debug.xcconfig"; path = "Target Support Files/Pods-IBMAssignment/Pods-IBMAssignment.debug.xcconfig"; sourceTree = "<group>"; };
		B24306023437C3F98238FBAA /* Pods-IBMAssignment-IBMAssignmentUITests.release.xcconfig */ = {isa = PBXFileReference; includeInIndex = 1; lastKnownFileType = text.xcconfig; name = "Pods-IBMAssignment-IBMAssignmentUITests.release.xcconfig"; path = "Target Support Files/Pods-IBMAssignment-IBMAssignmentUITests/Pods-IBMAssignment-IBMAssignmentUITests.release.xcconfig"; sourceTree = "<group>"; };
		CCD714C337711652D7A415AF /* Pods-IBMAssignment-IBMAssignmentUITests.debug.xcconfig */ = {isa = PBXFileReference; includeInIndex = 1; lastKnownFileType = text.xcconfig; name = "Pods-IBMAssignment-IBMAssignmentUITests.debug.xcconfig"; path = "Target Support Files/Pods-IBMAssignment-IBMAssignmentUITests/Pods-IBMAssignment-IBMAssignmentUITests.debug.xcconfig"; sourceTree = "<group>"; };
		CCFE08A57CD98B6C6BF02AEC /* Pods-IBMAssignment.release.xcconfig */ = {isa = PBXFileReference; includeInIndex = 1; lastKnownFileType = text.xcconfig; name = "Pods-IBMAssignment.release.xcconfig"; path = "Target Support Files/Pods-IBMAssignment/Pods-IBMAssignment.release.xcconfig"; sourceTree = "<group>"; };
/* End PBXFileReference section */

/* Begin PBXFrameworksBuildPhase section */
		878B6A4D269578AE00ABD172 /* Frameworks */ = {
			isa = PBXFrameworksBuildPhase;
			buildActionMask = 2147483647;
			files = (
				FC0A925283ACF1B661BF5FF1 /* Pods_IBMAssignment.framework in Frameworks */,
			);
			runOnlyForDeploymentPostprocessing = 0;
		};
		878B6A63269578BA00ABD172 /* Frameworks */ = {
			isa = PBXFrameworksBuildPhase;
			buildActionMask = 2147483647;
			files = (
				BF9AEFCBE301C4BF8F52C88F /* Pods_IBMAssignmentTests.framework in Frameworks */,
			);
			runOnlyForDeploymentPostprocessing = 0;
		};
		878B6A6E269578BA00ABD172 /* Frameworks */ = {
			isa = PBXFrameworksBuildPhase;
			buildActionMask = 2147483647;
			files = (
				0DD2CEDD53069DC3E408DF66 /* Pods_IBMAssignment_IBMAssignmentUITests.framework in Frameworks */,
			);
			runOnlyForDeploymentPostprocessing = 0;
		};
/* End PBXFrameworksBuildPhase section */

/* Begin PBXGroup section */
		571F9C361C29763656CD9F37 /* Frameworks */ = {
			isa = PBXGroup;
			children = (
				94095943753A0BA5AE7279C8 /* Pods_IBMAssignment.framework */,
				8C019A3B8EB7199AF4B0AFC0 /* Pods_IBMAssignment_IBMAssignmentUITests.framework */,
				57F133A655AF7C534838CD9B /* Pods_IBMAssignmentTests.framework */,
			);
			name = Frameworks;
			sourceTree = "<group>";
		};
		875EB6D22695C7C7009B9CBC /* View */ = {
			isa = PBXGroup;
			children = (
				878B6AB026957BCF00ABD172 /* VehicleViewController.swift */,
				878B6AD32695800100ABD172 /* VehicleTableViewCell.swift */,
				878B6AD42695800100ABD172 /* VehicleTableViewCell.xib */,
				878B6B382695B48A00ABD172 /* VehicleTableViewCellModel.swift */,
			);
			path = View;
			sourceTree = "<group>";
		};
		875EB6D32695C7C7009B9CBC /* ViewModel */ = {
			isa = PBXGroup;
			children = (
				878B6ACE26957FAA00ABD172 /* VehicleViewModel.swift */,
			);
			path = ViewModel;
			sourceTree = "<group>";
		};
		875EB6E32695C7EC009B9CBC /* Model */ = {
			isa = PBXGroup;
			children = (
				878B6B0F26958C0500ABD172 /* VehicleModel.swift */,
			);
			path = Model;
			sourceTree = "<group>";
		};
		878B6A47269578AE00ABD172 = {
			isa = PBXGroup;
			children = (
				878B6A52269578AE00ABD172 /* IBMAssignment */,
				878B6A69269578BA00ABD172 /* IBMAssignmentTests */,
				878B6A74269578BA00ABD172 /* IBMAssignmentUITests */,
				878B6A51269578AE00ABD172 /* Products */,
				A1B63D04EC1D730D305E54D3 /* Pods */,
				571F9C361C29763656CD9F37 /* Frameworks */,
			);
			sourceTree = "<group>";
		};
		878B6A51269578AE00ABD172 /* Products */ = {
			isa = PBXGroup;
			children = (
				878B6A50269578AE00ABD172 /* IBMAssignment.app */,
				878B6A66269578BA00ABD172 /* IBMAssignmentTests.xctest */,
				878B6A71269578BA00ABD172 /* IBMAssignmentUITests.xctest */,
			);
			name = Products;
			sourceTree = "<group>";
		};
		878B6A52269578AE00ABD172 /* IBMAssignment */ = {
			isa = PBXGroup;
			children = (
				878B6AF02695878A00ABD172 /* Utilities */,
				878B6AAE26957BB000ABD172 /* AppCore */,
				878B6A9626957B6800ABD172 /* Network */,
				878B6A9E26957B6900ABD172 /* Sources */,
				878B6A9A26957B6900ABD172 /* Support */,
			);
			path = IBMAssignment;
			sourceTree = "<group>";
		};
		878B6A69269578BA00ABD172 /* IBMAssignmentTests */ = {
			isa = PBXGroup;
			children = (
				878B6A6A269578BA00ABD172 /* IBMAssignmentTests.swift */,
				878B6A6C269578BA00ABD172 /* Info.plist */,
			);
			path = IBMAssignmentTests;
			sourceTree = "<group>";
		};
		878B6A74269578BA00ABD172 /* IBMAssignmentUITests */ = {
			isa = PBXGroup;
			children = (
				878B6A75269578BA00ABD172 /* IBMAssignmentUITests.swift */,
				878B6A77269578BA00ABD172 /* Info.plist */,
			);
			path = IBMAssignmentUITests;
			sourceTree = "<group>";
		};
		878B6A9626957B6800ABD172 /* Network */ = {
			isa = PBXGroup;
			children = (
				878B6A9726957B6800ABD172 /* Managers */,
				878B6A9826957B6800ABD172 /* Models */,
				878B6A9926957B6800ABD172 /* Services */,
			);
			path = Network;
			sourceTree = "<group>";
		};
		878B6A9726957B6800ABD172 /* Managers */ = {
			isa = PBXGroup;
			children = (
				878B6AE62695861600ABD172 /* ServiceManager.swift */,
			);
			path = Managers;
			sourceTree = "<group>";
		};
		878B6A9826957B6800ABD172 /* Models */ = {
			isa = PBXGroup;
			children = (
				878B6AEB269586B000ABD172 /* RequestModel.swift */,
				878B6B0A2695894400ABD172 /* ErrorModel.swift */,
			);
			path = Models;
			sourceTree = "<group>";
		};
		878B6A9926957B6800ABD172 /* Services */ = {
			isa = PBXGroup;
			children = (
				878B6B142695927A00ABD172 /* Services.swift */,
			);
			path = Services;
			sourceTree = "<group>";
		};
		878B6A9A26957B6900ABD172 /* Support */ = {
			isa = PBXGroup;
			children = (
				878B6A9B26957B6900ABD172 /* AppDelegate.swift */,
				878B6A9C26957B6900ABD172 /* Info.plist */,
				878B6A9D26957B6900ABD172 /* SceneDelegate.swift */,
			);
			path = Support;
			sourceTree = "<group>";
		};
		878B6A9E26957B6900ABD172 /* Sources */ = {
			isa = PBXGroup;
			children = (
				878B6B052695891D00ABD172 /* Localizable.strings */,
				878B6A9F26957B6900ABD172 /* LaunchScreen.storyboard */,
				878B6AA026957B6900ABD172 /* Assets.xcassets */,
				878B6AA126957B6900ABD172 /* Main.storyboard */,
			);
			path = Sources;
			sourceTree = "<group>";
		};
		878B6AAE26957BB000ABD172 /* AppCore */ = {
			isa = PBXGroup;
			children = (
				878B6AAF26957BBC00ABD172 /* Home */,
			);
			path = AppCore;
			sourceTree = "<group>";
		};
		878B6AAF26957BBC00ABD172 /* Home */ = {
			isa = PBXGroup;
			children = (
				875EB6E32695C7EC009B9CBC /* Model */,
				875EB6D22695C7C7009B9CBC /* View */,
				875EB6D32695C7C7009B9CBC /* ViewModel */,
				875EB6EE2695E379009B9CBC /* VehicleAnnotation.swift */,
			);
			path = Home;
			sourceTree = "<group>";
		};
		878B6AF02695878A00ABD172 /* Utilities */ = {
			isa = PBXGroup;
			children = (
				878B6AF2269587D400ABD172 /* Extensions */,
				878B6AF82695889500ABD172 /* ErrorKey.swift */,
				878B6B3D2695BBB300ABD172 /* Constant.swift */,
			);
			path = Utilities;
			sourceTree = "<group>";
		};
		878B6AF2269587D400ABD172 /* Extensions */ = {
			isa = PBXGroup;
			children = (
				878B6AF32695880E00ABD172 /* String+Extension.swift */,
			);
			path = Extensions;
			sourceTree = "<group>";
		};
		A1B63D04EC1D730D305E54D3 /* Pods */ = {
			isa = PBXGroup;
			children = (
				99604099DE7E8E0A50B71482 /* Pods-IBMAssignment.debug.xcconfig */,
				CCFE08A57CD98B6C6BF02AEC /* Pods-IBMAssignment.release.xcconfig */,
				CCD714C337711652D7A415AF /* Pods-IBMAssignment-IBMAssignmentUITests.debug.xcconfig */,
				B24306023437C3F98238FBAA /* Pods-IBMAssignment-IBMAssignmentUITests.release.xcconfig */,
				00A5962DAC1048DD03B620F3 /* Pods-IBMAssignmentTests.debug.xcconfig */,
				349B4E925C7BCCB681556923 /* Pods-IBMAssignmentTests.release.xcconfig */,
			);
			path = Pods;
			sourceTree = "<group>";
		};
/* End PBXGroup section */

/* Begin PBXNativeTarget section */
		878B6A4F269578AE00ABD172 /* IBMAssignment */ = {
			isa = PBXNativeTarget;
			buildConfigurationList = 878B6A7A269578BA00ABD172 /* Build configuration list for PBXNativeTarget "IBMAssignment" */;
			buildPhases = (
				D0E8AB72928F47CB0868E60E /* [CP] Check Pods Manifest.lock */,
				878B6A4C269578AE00ABD172 /* Sources */,
				878B6A4D269578AE00ABD172 /* Frameworks */,
				878B6A4E269578AE00ABD172 /* Resources */,
				D04E16149D2C73FA07C20B20 /* [CP] Embed Pods Frameworks */,
				05D6D672D2E7E6DD03687D7D /* [CP] Copy Pods Resources */,
			);
			buildRules = (
			);
			dependencies = (
			);
			name = IBMAssignment;
			productName = IBMAssignment;
			productReference = 878B6A50269578AE00ABD172 /* IBMAssignment.app */;
			productType = "com.apple.product-type.application";
		};
		878B6A65269578BA00ABD172 /* IBMAssignmentTests */ = {
			isa = PBXNativeTarget;
			buildConfigurationList = 878B6A7D269578BA00ABD172 /* Build configuration list for PBXNativeTarget "IBMAssignmentTests" */;
			buildPhases = (
				42118033D8DCAD8AD21AC953 /* [CP] Check Pods Manifest.lock */,
				878B6A62269578BA00ABD172 /* Sources */,
				878B6A63269578BA00ABD172 /* Frameworks */,
				878B6A64269578BA00ABD172 /* Resources */,
			);
			buildRules = (
			);
			dependencies = (
				878B6A68269578BA00ABD172 /* PBXTargetDependency */,
			);
			name = IBMAssignmentTests;
			productName = IBMAssignmentTests;
			productReference = 878B6A66269578BA00ABD172 /* IBMAssignmentTests.xctest */;
			productType = "com.apple.product-type.bundle.unit-test";
		};
		878B6A70269578BA00ABD172 /* IBMAssignmentUITests */ = {
			isa = PBXNativeTarget;
			buildConfigurationList = 878B6A80269578BA00ABD172 /* Build configuration list for PBXNativeTarget "IBMAssignmentUITests" */;
			buildPhases = (
				3D3F5A54898CB1EFC433B402 /* [CP] Check Pods Manifest.lock */,
				878B6A6D269578BA00ABD172 /* Sources */,
				878B6A6E269578BA00ABD172 /* Frameworks */,
				878B6A6F269578BA00ABD172 /* Resources */,
				ED5CC8B777D66BF1A0A1A7A3 /* [CP] Embed Pods Frameworks */,
				D20DE998E472D326E2E3C476 /* [CP] Copy Pods Resources */,
			);
			buildRules = (
			);
			dependencies = (
				878B6A73269578BA00ABD172 /* PBXTargetDependency */,
			);
			name = IBMAssignmentUITests;
			productName = IBMAssignmentUITests;
			productReference = 878B6A71269578BA00ABD172 /* IBMAssignmentUITests.xctest */;
			productType = "com.apple.product-type.bundle.ui-testing";
		};
/* End PBXNativeTarget section */

/* Begin PBXProject section */
		878B6A48269578AE00ABD172 /* Project object */ = {
			isa = PBXProject;
			attributes = {
				LastSwiftUpdateCheck = 1230;
				LastUpgradeCheck = 1230;
				TargetAttributes = {
					878B6A4F269578AE00ABD172 = {
						CreatedOnToolsVersion = 12.3;
					};
					878B6A65269578BA00ABD172 = {
						CreatedOnToolsVersion = 12.3;
						TestTargetID = 878B6A4F269578AE00ABD172;
					};
					878B6A70269578BA00ABD172 = {
						CreatedOnToolsVersion = 12.3;
						TestTargetID = 878B6A4F269578AE00ABD172;
					};
				};
			};
			buildConfigurationList = 878B6A4B269578AE00ABD172 /* Build configuration list for PBXProject "IBMAssignment" */;
			compatibilityVersion = "Xcode 9.3";
			developmentRegion = en;
			hasScannedForEncodings = 0;
			knownRegions = (
				en,
				Base,
			);
			mainGroup = 878B6A47269578AE00ABD172;
			productRefGroup = 878B6A51269578AE00ABD172 /* Products */;
			projectDirPath = "";
			projectRoot = "";
			targets = (
				878B6A4F269578AE00ABD172 /* IBMAssignment */,
				878B6A65269578BA00ABD172 /* IBMAssignmentTests */,
				878B6A70269578BA00ABD172 /* IBMAssignmentUITests */,
			);
		};
/* End PBXProject section */

/* Begin PBXResourcesBuildPhase section */
		878B6A4E269578AE00ABD172 /* Resources */ = {
			isa = PBXResourcesBuildPhase;
			buildActionMask = 2147483647;
			files = (
				878B6B062695891D00ABD172 /* Localizable.strings in Resources */,
				878B6AA626957B6900ABD172 /* Assets.xcassets in Resources */,
				878B6AA526957B6900ABD172 /* LaunchScreen.storyboard in Resources */,
				878B6AD62695800100ABD172 /* VehicleTableViewCell.xib in Resources */,
				878B6AA726957B6900ABD172 /* Main.storyboard in Resources */,
			);
			runOnlyForDeploymentPostprocessing = 0;
		};
		878B6A64269578BA00ABD172 /* Resources */ = {
			isa = PBXResourcesBuildPhase;
			buildActionMask = 2147483647;
			files = (
			);
			runOnlyForDeploymentPostprocessing = 0;
		};
		878B6A6F269578BA00ABD172 /* Resources */ = {
			isa = PBXResourcesBuildPhase;
			buildActionMask = 2147483647;
			files = (
			);
			runOnlyForDeploymentPostprocessing = 0;
		};
/* End PBXResourcesBuildPhase section */

/* Begin PBXShellScriptBuildPhase section */
		05D6D672D2E7E6DD03687D7D /* [CP] Copy Pods Resources */ = {
			isa = PBXShellScriptBuildPhase;
			buildActionMask = 2147483647;
			files = (
			);
			inputFileListPaths = (
				"${PODS_ROOT}/Target Support Files/Pods-IBMAssignment/Pods-IBMAssignment-resources-${CONFIGURATION}-input-files.xcfilelist",
			);
			name = "[CP] Copy Pods Resources";
			outputFileListPaths = (
				"${PODS_ROOT}/Target Support Files/Pods-IBMAssignment/Pods-IBMAssignment-resources-${CONFIGURATION}-output-files.xcfilelist",
			);
			runOnlyForDeploymentPostprocessing = 0;
			shellPath = /bin/sh;
			shellScript = "\"${PODS_ROOT}/Target Support Files/Pods-IBMAssignment/Pods-IBMAssignment-resources.sh\"\n";
			showEnvVarsInLog = 0;
		};
		3D3F5A54898CB1EFC433B402 /* [CP] Check Pods Manifest.lock */ = {
			isa = PBXShellScriptBuildPhase;
			buildActionMask = 2147483647;
			files = (
			);
			inputFileListPaths = (
			);
			inputPaths = (
				"${PODS_PODFILE_DIR_PATH}/Podfile.lock",
				"${PODS_ROOT}/Manifest.lock",
			);
			name = "[CP] Check Pods Manifest.lock";
			outputFileListPaths = (
			);
			outputPaths = (
				"$(DERIVED_FILE_DIR)/Pods-IBMAssignment-IBMAssignmentUITests-checkManifestLockResult.txt",
			);
			runOnlyForDeploymentPostprocessing = 0;
			shellPath = /bin/sh;
			shellScript = "diff \"${PODS_PODFILE_DIR_PATH}/Podfile.lock\" \"${PODS_ROOT}/Manifest.lock\" > /dev/null\nif [ $? != 0 ] ; then\n    # print error to STDERR\n    echo \"error: The sandbox is not in sync with the Podfile.lock. Run 'pod install' or update your CocoaPods installation.\" >&2\n    exit 1\nfi\n# This output is used by Xcode 'outputs' to avoid re-running this script phase.\necho \"SUCCESS\" > \"${SCRIPT_OUTPUT_FILE_0}\"\n";
			showEnvVarsInLog = 0;
		};
		42118033D8DCAD8AD21AC953 /* [CP] Check Pods Manifest.lock */ = {
			isa = PBXShellScriptBuildPhase;
			buildActionMask = 2147483647;
			files = (
			);
			inputFileListPaths = (
			);
			inputPaths = (
				"${PODS_PODFILE_DIR_PATH}/Podfile.lock",
				"${PODS_ROOT}/Manifest.lock",
			);
			name = "[CP] Check Pods Manifest.lock";
			outputFileListPaths = (
			);
			outputPaths = (
				"$(DERIVED_FILE_DIR)/Pods-IBMAssignmentTests-checkManifestLockResult.txt",
			);
			runOnlyForDeploymentPostprocessing = 0;
			shellPath = /bin/sh;
			shellScript = "diff \"${PODS_PODFILE_DIR_PATH}/Podfile.lock\" \"${PODS_ROOT}/Manifest.lock\" > /dev/null\nif [ $? != 0 ] ; then\n    # print error to STDERR\n    echo \"error: The sandbox is not in sync with the Podfile.lock. Run 'pod install' or update your CocoaPods installation.\" >&2\n    exit 1\nfi\n# This output is used by Xcode 'outputs' to avoid re-running this script phase.\necho \"SUCCESS\" > \"${SCRIPT_OUTPUT_FILE_0}\"\n";
			showEnvVarsInLog = 0;
		};
		D04E16149D2C73FA07C20B20 /* [CP] Embed Pods Frameworks */ = {
			isa = PBXShellScriptBuildPhase;
			buildActionMask = 2147483647;
			files = (
			);
			inputFileListPaths = (
				"${PODS_ROOT}/Target Support Files/Pods-IBMAssignment/Pods-IBMAssignment-frameworks-${CONFIGURATION}-input-files.xcfilelist",
			);
			name = "[CP] Embed Pods Frameworks";
			outputFileListPaths = (
				"${PODS_ROOT}/Target Support Files/Pods-IBMAssignment/Pods-IBMAssignment-frameworks-${CONFIGURATION}-output-files.xcfilelist",
			);
			runOnlyForDeploymentPostprocessing = 0;
			shellPath = /bin/sh;
			shellScript = "\"${PODS_ROOT}/Target Support Files/Pods-IBMAssignment/Pods-IBMAssignment-frameworks.sh\"\n";
			showEnvVarsInLog = 0;
		};
		D0E8AB72928F47CB0868E60E /* [CP] Check Pods Manifest.lock */ = {
			isa = PBXShellScriptBuildPhase;
			buildActionMask = 2147483647;
			files = (
			);
			inputFileListPaths = (
			);
			inputPaths = (
				"${PODS_PODFILE_DIR_PATH}/Podfile.lock",
				"${PODS_ROOT}/Manifest.lock",
			);
			name = "[CP] Check Pods Manifest.lock";
			outputFileListPaths = (
			);
			outputPaths = (
				"$(DERIVED_FILE_DIR)/Pods-IBMAssignment-checkManifestLockResult.txt",
			);
			runOnlyForDeploymentPostprocessing = 0;
			shellPath = /bin/sh;
			shellScript = "diff \"${PODS_PODFILE_DIR_PATH}/Podfile.lock\" \"${PODS_ROOT}/Manifest.lock\" > /dev/null\nif [ $? != 0 ] ; then\n    # print error to STDERR\n    echo \"error: The sandbox is not in sync with the Podfile.lock. Run 'pod install' or update your CocoaPods installation.\" >&2\n    exit 1\nfi\n# This output is used by Xcode 'outputs' to avoid re-running this script phase.\necho \"SUCCESS\" > \"${SCRIPT_OUTPUT_FILE_0}\"\n";
			showEnvVarsInLog = 0;
		};
		D20DE998E472D326E2E3C476 /* [CP] Copy Pods Resources */ = {
			isa = PBXShellScriptBuildPhase;
			buildActionMask = 2147483647;
			files = (
			);
			inputFileListPaths = (
				"${PODS_ROOT}/Target Support Files/Pods-IBMAssignment-IBMAssignmentUITests/Pods-IBMAssignment-IBMAssignmentUITests-resources-${CONFIGURATION}-input-files.xcfilelist",
			);
			name = "[CP] Copy Pods Resources";
			outputFileListPaths = (
				"${PODS_ROOT}/Target Support Files/Pods-IBMAssignment-IBMAssignmentUITests/Pods-IBMAssignment-IBMAssignmentUITests-resources-${CONFIGURATION}-output-files.xcfilelist",
			);
			runOnlyForDeploymentPostprocessing = 0;
			shellPath = /bin/sh;
			shellScript = "\"${PODS_ROOT}/Target Support Files/Pods-IBMAssignment-IBMAssignmentUITests/Pods-IBMAssignment-IBMAssignmentUITests-resources.sh\"\n";
			showEnvVarsInLog = 0;
		};
		ED5CC8B777D66BF1A0A1A7A3 /* [CP] Embed Pods Frameworks */ = {
			isa = PBXShellScriptBuildPhase;
			buildActionMask = 2147483647;
			files = (
			);
			inputFileListPaths = (
				"${PODS_ROOT}/Target Support Files/Pods-IBMAssignment-IBMAssignmentUITests/Pods-IBMAssignment-IBMAssignmentUITests-frameworks-${CONFIGURATION}-input-files.xcfilelist",
			);
			name = "[CP] Embed Pods Frameworks";
			outputFileListPaths = (
				"${PODS_ROOT}/Target Support Files/Pods-IBMAssignment-IBMAssignmentUITests/Pods-IBMAssignment-IBMAssignmentUITests-frameworks-${CONFIGURATION}-output-files.xcfilelist",
			);
			runOnlyForDeploymentPostprocessing = 0;
			shellPath = /bin/sh;
			shellScript = "\"${PODS_ROOT}/Target Support Files/Pods-IBMAssignment-IBMAssignmentUITests/Pods-IBMAssignment-IBMAssignmentUITests-frameworks.sh\"\n";
			showEnvVarsInLog = 0;
		};
/* End PBXShellScriptBuildPhase section */

/* Begin PBXSourcesBuildPhase section */
		878B6A4C269578AE00ABD172 /* Sources */ = {
			isa = PBXSourcesBuildPhase;
			buildActionMask = 2147483647;
			files = (
				878B6B0B2695894400ABD172 /* ErrorModel.swift in Sources */,
				878B6B392695B48A00ABD172 /* VehicleTableViewCellModel.swift in Sources */,
				878B6B152695927A00ABD172 /* Services.swift in Sources */,
				878B6AF42695880E00ABD172 /* String+Extension.swift in Sources */,
				878B6AF92695889500ABD172 /* ErrorKey.swift in Sources */,
				878B6AA226957B6900ABD172 /* AppDelegate.swift in Sources */,
				878B6AD52695800100ABD172 /* VehicleTableViewCell.swift in Sources */,
				878B6B3E2695BBB300ABD172 /* Constant.swift in Sources */,
				878B6B1026958C0500ABD172 /* VehicleModel.swift in Sources */,
				875EB6EF2695E379009B9CBC /* VehicleAnnotation.swift in Sources */,
				878B6AA426957B6900ABD172 /* SceneDelegate.swift in Sources */,
				878B6AB126957BCF00ABD172 /* VehicleViewController.swift in Sources */,
				878B6AEC269586B000ABD172 /* RequestModel.swift in Sources */,
				878B6ACF26957FAA00ABD172 /* VehicleViewModel.swift in Sources */,
				878B6AE72695861600ABD172 /* ServiceManager.swift in Sources */,
			);
			runOnlyForDeploymentPostprocessing = 0;
		};
		878B6A62269578BA00ABD172 /* Sources */ = {
			isa = PBXSourcesBuildPhase;
			buildActionMask = 2147483647;
			files = (
				878B6A6B269578BA00ABD172 /* IBMAssignmentTests.swift in Sources */,
			);
			runOnlyForDeploymentPostprocessing = 0;
		};
		878B6A6D269578BA00ABD172 /* Sources */ = {
			isa = PBXSourcesBuildPhase;
			buildActionMask = 2147483647;
			files = (
				878B6A76269578BA00ABD172 /* IBMAssignmentUITests.swift in Sources */,
			);
			runOnlyForDeploymentPostprocessing = 0;
		};
/* End PBXSourcesBuildPhase section */

/* Begin PBXTargetDependency section */
		878B6A68269578BA00ABD172 /* PBXTargetDependency */ = {
			isa = PBXTargetDependency;
			target = 878B6A4F269578AE00ABD172 /* IBMAssignment */;
			targetProxy = 878B6A67269578BA00ABD172 /* PBXContainerItemProxy */;
		};
		878B6A73269578BA00ABD172 /* PBXTargetDependency */ = {
			isa = PBXTargetDependency;
			target = 878B6A4F269578AE00ABD172 /* IBMAssignment */;
			targetProxy = 878B6A72269578BA00ABD172 /* PBXContainerItemProxy */;
		};
/* End PBXTargetDependency section */

/* Begin XCBuildConfiguration section */
		878B6A78269578BA00ABD172 /* Debug */ = {
			isa = XCBuildConfiguration;
			buildSettings = {
				ALWAYS_SEARCH_USER_PATHS = NO;
				CLANG_ANALYZER_NONNULL = YES;
				CLANG_ANALYZER_NUMBER_OBJECT_CONVERSION = YES_AGGRESSIVE;
				CLANG_CXX_LANGUAGE_STANDARD = "gnu++14";
				CLANG_CXX_LIBRARY = "libc++";
				CLANG_ENABLE_MODULES = YES;
				CLANG_ENABLE_OBJC_ARC = YES;
				CLANG_ENABLE_OBJC_WEAK = YES;
				CLANG_WARN_BLOCK_CAPTURE_AUTORELEASING = YES;
				CLANG_WARN_BOOL_CONVERSION = YES;
				CLANG_WARN_COMMA = YES;
				CLANG_WARN_CONSTANT_CONVERSION = YES;
				CLANG_WARN_DEPRECATED_OBJC_IMPLEMENTATIONS = YES;
				CLANG_WARN_DIRECT_OBJC_ISA_USAGE = YES_ERROR;
				CLANG_WARN_DOCUMENTATION_COMMENTS = YES;
				CLANG_WARN_EMPTY_BODY = YES;
				CLANG_WARN_ENUM_CONVERSION = YES;
				CLANG_WARN_INFINITE_RECURSION = YES;
				CLANG_WARN_INT_CONVERSION = YES;
				CLANG_WARN_NON_LITERAL_NULL_CONVERSION = YES;
				CLANG_WARN_OBJC_IMPLICIT_RETAIN_SELF = YES;
				CLANG_WARN_OBJC_LITERAL_CONVERSION = YES;
				CLANG_WARN_OBJC_ROOT_CLASS = YES_ERROR;
				CLANG_WARN_QUOTED_INCLUDE_IN_FRAMEWORK_HEADER = YES;
				CLANG_WARN_RANGE_LOOP_ANALYSIS = YES;
				CLANG_WARN_STRICT_PROTOTYPES = YES;
				CLANG_WARN_SUSPICIOUS_MOVE = YES;
				CLANG_WARN_UNGUARDED_AVAILABILITY = YES_AGGRESSIVE;
				CLANG_WARN_UNREACHABLE_CODE = YES;
				CLANG_WARN__DUPLICATE_METHOD_MATCH = YES;
				COPY_PHASE_STRIP = NO;
				DEBUG_INFORMATION_FORMAT = dwarf;
				ENABLE_STRICT_OBJC_MSGSEND = YES;
				ENABLE_TESTABILITY = YES;
				GCC_C_LANGUAGE_STANDARD = gnu11;
				GCC_DYNAMIC_NO_PIC = NO;
				GCC_NO_COMMON_BLOCKS = YES;
				GCC_OPTIMIZATION_LEVEL = 0;
				GCC_PREPROCESSOR_DEFINITIONS = (
					"DEBUG=1",
					"$(inherited)",
				);
				GCC_WARN_64_TO_32_BIT_CONVERSION = YES;
				GCC_WARN_ABOUT_RETURN_TYPE = YES_ERROR;
				GCC_WARN_UNDECLARED_SELECTOR = YES;
				GCC_WARN_UNINITIALIZED_AUTOS = YES_AGGRESSIVE;
				GCC_WARN_UNUSED_FUNCTION = YES;
				GCC_WARN_UNUSED_VARIABLE = YES;
				IPHONEOS_DEPLOYMENT_TARGET = 14.3;
				MTL_ENABLE_DEBUG_INFO = INCLUDE_SOURCE;
				MTL_FAST_MATH = YES;
				ONLY_ACTIVE_ARCH = YES;
				SDKROOT = iphoneos;
				SWIFT_ACTIVE_COMPILATION_CONDITIONS = DEBUG;
				SWIFT_OPTIMIZATION_LEVEL = "-Onone";
			};
			name = Debug;
		};
		878B6A79269578BA00ABD172 /* Release */ = {
			isa = XCBuildConfiguration;
			buildSettings = {
				ALWAYS_SEARCH_USER_PATHS = NO;
				CLANG_ANALYZER_NONNULL = YES;
				CLANG_ANALYZER_NUMBER_OBJECT_CONVERSION = YES_AGGRESSIVE;
				CLANG_CXX_LANGUAGE_STANDARD = "gnu++14";
				CLANG_CXX_LIBRARY = "libc++";
				CLANG_ENABLE_MODULES = YES;
				CLANG_ENABLE_OBJC_ARC = YES;
				CLANG_ENABLE_OBJC_WEAK = YES;
				CLANG_WARN_BLOCK_CAPTURE_AUTORELEASING = YES;
				CLANG_WARN_BOOL_CONVERSION = YES;
				CLANG_WARN_COMMA = YES;
				CLANG_WARN_CONSTANT_CONVERSION = YES;
				CLANG_WARN_DEPRECATED_OBJC_IMPLEMENTATIONS = YES;
				CLANG_WARN_DIRECT_OBJC_ISA_USAGE = YES_ERROR;
				CLANG_WARN_DOCUMENTATION_COMMENTS = YES;
				CLANG_WARN_EMPTY_BODY = YES;
				CLANG_WARN_ENUM_CONVERSION = YES;
				CLANG_WARN_INFINITE_RECURSION = YES;
				CLANG_WARN_INT_CONVERSION = YES;
				CLANG_WARN_NON_LITERAL_NULL_CONVERSION = YES;
				CLANG_WARN_OBJC_IMPLICIT_RETAIN_SELF = YES;
				CLANG_WARN_OBJC_LITERAL_CONVERSION = YES;
				CLANG_WARN_OBJC_ROOT_CLASS = YES_ERROR;
				CLANG_WARN_QUOTED_INCLUDE_IN_FRAMEWORK_HEADER = YES;
				CLANG_WARN_RANGE_LOOP_ANALYSIS = YES;
				CLANG_WARN_STRICT_PROTOTYPES = YES;
				CLANG_WARN_SUSPICIOUS_MOVE = YES;
				CLANG_WARN_UNGUARDED_AVAILABILITY = YES_AGGRESSIVE;
				CLANG_WARN_UNREACHABLE_CODE = YES;
				CLANG_WARN__DUPLICATE_METHOD_MATCH = YES;
				COPY_PHASE_STRIP = NO;
				DEBUG_INFORMATION_FORMAT = "dwarf-with-dsym";
				ENABLE_NS_ASSERTIONS = NO;
				ENABLE_STRICT_OBJC_MSGSEND = YES;
				GCC_C_LANGUAGE_STANDARD = gnu11;
				GCC_NO_COMMON_BLOCKS = YES;
				GCC_WARN_64_TO_32_BIT_CONVERSION = YES;
				GCC_WARN_ABOUT_RETURN_TYPE = YES_ERROR;
				GCC_WARN_UNDECLARED_SELECTOR = YES;
				GCC_WARN_UNINITIALIZED_AUTOS = YES_AGGRESSIVE;
				GCC_WARN_UNUSED_FUNCTION = YES;
				GCC_WARN_UNUSED_VARIABLE = YES;
				IPHONEOS_DEPLOYMENT_TARGET = 14.3;
				MTL_ENABLE_DEBUG_INFO = NO;
				MTL_FAST_MATH = YES;
				SDKROOT = iphoneos;
				SWIFT_COMPILATION_MODE = wholemodule;
				SWIFT_OPTIMIZATION_LEVEL = "-O";
				VALIDATE_PRODUCT = YES;
			};
			name = Release;
		};
		878B6A7B269578BA00ABD172 /* Debug */ = {
			isa = XCBuildConfiguration;
			baseConfigurationReference = 99604099DE7E8E0A50B71482 /* Pods-IBMAssignment.debug.xcconfig */;
			buildSettings = {
				ASSETCATALOG_COMPILER_APPICON_NAME = AppIcon;
				ASSETCATALOG_COMPILER_GLOBAL_ACCENT_COLOR_NAME = AccentColor;
				CODE_SIGN_STYLE = Automatic;
				INFOPLIST_FILE = IBMAssignment/support/Info.plist;
				LD_RUNPATH_SEARCH_PATHS = (
					"$(inherited)",
					"@executable_path/Frameworks",
				);
				PRODUCT_BUNDLE_IDENTIFIER = Ritu.IBMAssignment;
				PRODUCT_NAME = "$(TARGET_NAME)";
				SWIFT_VERSION = 5.0;
				TARGETED_DEVICE_FAMILY = "1,2";
			};
			name = Debug;
		};
		878B6A7C269578BA00ABD172 /* Release */ = {
			isa = XCBuildConfiguration;
			baseConfigurationReference = CCFE08A57CD98B6C6BF02AEC /* Pods-IBMAssignment.release.xcconfig */;
			buildSettings = {
				ASSETCATALOG_COMPILER_APPICON_NAME = AppIcon;
				ASSETCATALOG_COMPILER_GLOBAL_ACCENT_COLOR_NAME = AccentColor;
				CODE_SIGN_STYLE = Automatic;
				INFOPLIST_FILE = IBMAssignment/support/Info.plist;
				LD_RUNPATH_SEARCH_PATHS = (
					"$(inherited)",
					"@executable_path/Frameworks",
				);
				PRODUCT_BUNDLE_IDENTIFIER = Ritu.IBMAssignment;
				PRODUCT_NAME = "$(TARGET_NAME)";
				SWIFT_VERSION = 5.0;
				TARGETED_DEVICE_FAMILY = "1,2";
			};
			name = Release;
		};
		878B6A7E269578BA00ABD172 /* Debug */ = {
			isa = XCBuildConfiguration;
			baseConfigurationReference = 00A5962DAC1048DD03B620F3 /* Pods-IBMAssignmentTests.debug.xcconfig */;
			buildSettings = {
				ALWAYS_EMBED_SWIFT_STANDARD_LIBRARIES = YES;
				BUNDLE_LOADER = "$(TEST_HOST)";
				CODE_SIGN_STYLE = Automatic;
				INFOPLIST_FILE = IBMAssignmentTests/Info.plist;
				IPHONEOS_DEPLOYMENT_TARGET = 14.3;
				LD_RUNPATH_SEARCH_PATHS = (
					"$(inherited)",
					"@executable_path/Frameworks",
					"@loader_path/Frameworks",
				);
				PRODUCT_BUNDLE_IDENTIFIER = Ritu.IBMAssignmentTests;
				PRODUCT_NAME = "$(TARGET_NAME)";
				SWIFT_VERSION = 5.0;
				TARGETED_DEVICE_FAMILY = "1,2";
				TEST_HOST = "$(BUILT_PRODUCTS_DIR)/IBMAssignment.app/IBMAssignment";
			};
			name = Debug;
		};
		878B6A7F269578BA00ABD172 /* Release */ = {
			isa = XCBuildConfiguration;
			baseConfigurationReference = 349B4E925C7BCCB681556923 /* Pods-IBMAssignmentTests.release.xcconfig */;
			buildSettings = {
				ALWAYS_EMBED_SWIFT_STANDARD_LIBRARIES = YES;
				BUNDLE_LOADER = "$(TEST_HOST)";
				CODE_SIGN_STYLE = Automatic;
				INFOPLIST_FILE = IBMAssignmentTests/Info.plist;
				IPHONEOS_DEPLOYMENT_TARGET = 14.3;
				LD_RUNPATH_SEARCH_PATHS = (
					"$(inherited)",
					"@executable_path/Frameworks",
					"@loader_path/Frameworks",
				);
				PRODUCT_BUNDLE_IDENTIFIER = Ritu.IBMAssignmentTests;
				PRODUCT_NAME = "$(TARGET_NAME)";
				SWIFT_VERSION = 5.0;
				TARGETED_DEVICE_FAMILY = "1,2";
				TEST_HOST = "$(BUILT_PRODUCTS_DIR)/IBMAssignment.app/IBMAssignment";
			};
			name = Release;
		};
		878B6A81269578BA00ABD172 /* Debug */ = {
			isa = XCBuildConfiguration;
			baseConfigurationReference = CCD714C337711652D7A415AF /* Pods-IBMAssignment-IBMAssignmentUITests.debug.xcconfig */;
			buildSettings = {
				ALWAYS_EMBED_SWIFT_STANDARD_LIBRARIES = YES;
				CODE_SIGN_STYLE = Automatic;
				INFOPLIST_FILE = IBMAssignmentUITests/Info.plist;
				LD_RUNPATH_SEARCH_PATHS = (
					"$(inherited)",
					"@executable_path/Frameworks",
					"@loader_path/Frameworks",
				);
				PRODUCT_BUNDLE_IDENTIFIER = Ritu.IBMAssignmentUITests;
				PRODUCT_NAME = "$(TARGET_NAME)";
				SWIFT_VERSION = 5.0;
				TARGETED_DEVICE_FAMILY = "1,2";
				TEST_TARGET_NAME = IBMAssignment;
			};
			name = Debug;
		};
		878B6A82269578BA00ABD172 /* Release */ = {
			isa = XCBuildConfiguration;
			baseConfigurationReference = B24306023437C3F98238FBAA /* Pods-IBMAssignment-IBMAssignmentUITests.release.xcconfig */;
			buildSettings = {
				ALWAYS_EMBED_SWIFT_STANDARD_LIBRARIES = YES;
				CODE_SIGN_STYLE = Automatic;
				INFOPLIST_FILE = IBMAssignmentUITests/Info.plist;
				LD_RUNPATH_SEARCH_PATHS = (
					"$(inherited)",
					"@executable_path/Frameworks",
					"@loader_path/Frameworks",
				);
				PRODUCT_BUNDLE_IDENTIFIER = Ritu.IBMAssignmentUITests;
				PRODUCT_NAME = "$(TARGET_NAME)";
				SWIFT_VERSION = 5.0;
				TARGETED_DEVICE_FAMILY = "1,2";
				TEST_TARGET_NAME = IBMAssignment;
			};
			name = Release;
		};
/* End XCBuildConfiguration section */

/* Begin XCConfigurationList section */
		878B6A4B269578AE00ABD172 /* Build configuration list for PBXProject "IBMAssignment" */ = {
			isa = XCConfigurationList;
			buildConfigurations = (
				878B6A78269578BA00ABD172 /* Debug */,
				878B6A79269578BA00ABD172 /* Release */,
			);
			defaultConfigurationIsVisible = 0;
			defaultConfigurationName = Release;
		};
		878B6A7A269578BA00ABD172 /* Build configuration list for PBXNativeTarget "IBMAssignment" */ = {
			isa = XCConfigurationList;
			buildConfigurations = (
				878B6A7B269578BA00ABD172 /* Debug */,
				878B6A7C269578BA00ABD172 /* Release */,
			);
			defaultConfigurationIsVisible = 0;
			defaultConfigurationName = Release;
		};
		878B6A7D269578BA00ABD172 /* Build configuration list for PBXNativeTarget "IBMAssignmentTests" */ = {
			isa = XCConfigurationList;
			buildConfigurations = (
				878B6A7E269578BA00ABD172 /* Debug */,
				878B6A7F269578BA00ABD172 /* Release */,
			);
			defaultConfigurationIsVisible = 0;
			defaultConfigurationName = Release;
		};
		878B6A80269578BA00ABD172 /* Build configuration list for PBXNativeTarget "IBMAssignmentUITests" */ = {
			isa = XCConfigurationList;
			buildConfigurations = (
				878B6A81269578BA00ABD172 /* Debug */,
				878B6A82269578BA00ABD172 /* Release */,
			);
			defaultConfigurationIsVisible = 0;
			defaultConfigurationName = Release;
		};
/* End XCConfigurationList section */
	};
	rootObject = 878B6A48269578AE00ABD172 /* Project object */;
}
